Microsoft Visual Studio Solution File, Format Version 11.00
# Visual Studio 2008

Project("{2E800217-88C3-F84E-AE71-36A05A15DCCB}") = "Retomorphosen", "Assembly-CSharp.csproj", "{C5137E1E-A25D-61E1-5A52-CBE1F2CBA2F0}"
EndProject
Global
	GlobalSection(SolutionConfigurationPlatforms) = preSolution
		Debug|Any CPU = Debug|Any CPU
		Release|Any CPU = Release|Any CPU
	EndGlobalSection
	GlobalSection(ProjectConfigurationPlatforms) = postSolution
		{C5137E1E-A25D-61E1-5A52-CBE1F2CBA2F0}.Debug|Any CPU.ActiveCfg = Debug|Any CPU
		{C5137E1E-A25D-61E1-5A52-CBE1F2CBA2F0}.Debug|Any CPU.Build.0 = Debug|Any CPU
		{C5137E1E-A25D-61E1-5A52-CBE1F2CBA2F0}.Release|Any CPU.ActiveCfg = Release|Any CPU
		{C5137E1E-A25D-61E1-5A52-CBE1F2CBA2F0}.Release|Any CPU.Build.0 = Release|Any CPU
	EndGlobalSection
	GlobalSection(SolutionProperties) = preSolution
		HideSolutionNode = FALSE
	EndGlobalSection
	GlobalSection(MonoDevelopProperties) = preSolution
		StartupItem = Assembly-CSharp.csproj
	EndGlobalSection
EndGlobal
